
Microsoft Visual Studio Solution File, Format Version 12.00
# Visual Studio Version 17
VisualStudioVersion = 17.14.36518.9 d17.14
MinimumVisualStudioVersion = 10.0.40219.1
Project("{FAE04EC0-301F-11D3-BF4B-00C04F79EFBC}") = "Projex_backend", "Projex_backend\Projex_backend.csproj", "{729B4FD1-94F1-413A-A562-0DDDAB40EDB0}"
EndProject
Global
	GlobalSection(SolutionConfigurationPlatforms) = preSolution
		Debug|Any CPU = Debug|Any CPU
		Release|Any CPU = Release|Any CPU
	EndGlobalSection
	GlobalSection(ProjectConfigurationPlatforms) = postSolution
		{729B4FD1-94F1-413A-A562-0DDDAB40EDB0}.Debug|Any CPU.ActiveCfg = Debug|Any CPU
		{729B4FD1-94F1-413A-A562-0DDDAB40EDB0}.Debug|Any CPU.Build.0 = Debug|Any CPU
		{729B4FD1-94F1-413A-A562-0DDDAB40EDB0}.Release|Any CPU.ActiveCfg = Release|Any CPU
		{729B4FD1-94F1-413A-A562-0DDDAB40EDB0}.Release|Any CPU.Build.0 = Release|Any CPU
	EndGlobalSection
	GlobalSection(SolutionProperties) = preSolution
		HideSolutionNode = FALSE
	EndGlobalSection
	GlobalSection(ExtensibilityGlobals) = postSolution
		SolutionGuid = {A998E818-CB87-4B06-9176-5063BAAB624A}
	EndGlobalSection
EndGlobal
